// !$*UTF8*$!
{
	archiveVersion = 1;
	classes = {
	};
	objectVersion = 56;
	objects = {

/* Begin PBXBuildFile section */
		960C14E7298ABD4E0043FCE2 /* CollectionView + EmptyView.swift in Sources */ = {isa = PBXBuildFile; fileRef = 960C14E6298ABD4E0043FCE2 /* CollectionView + EmptyView.swift */; };
		966EE23829F6F8E500D22BB0 /* AppearanceCell.swift in Sources */ = {isa = PBXBuildFile; fileRef = 966EE23329F6F8E500D22BB0 /* AppearanceCell.swift */; };
		966EE23929F6F8E500D22BB0 /* SettingsUserDefaults.swift in Sources */ = {isa = PBXBuildFile; fileRef = 966EE23429F6F8E500D22BB0 /* SettingsUserDefaults.swift */; };
		966EE23A29F6F8E500D22BB0 /* SectionSettings.swift in Sources */ = {isa = PBXBuildFile; fileRef = 966EE23529F6F8E500D22BB0 /* SectionSettings.swift */; };
		966EE23B29F6F8E500D22BB0 /* AppearanceManager.swift in Sources */ = {isa = PBXBuildFile; fileRef = 966EE23629F6F8E500D22BB0 /* AppearanceManager.swift */; };
		966EE23C29F6F8E500D22BB0 /* SettingsViewController.swift in Sources */ = {isa = PBXBuildFile; fileRef = 966EE23729F6F8E500D22BB0 /* SettingsViewController.swift */; };
		9674779C2969B79200FD55DA /* UIColor+Palette.swift in Sources */ = {isa = PBXBuildFile; fileRef = 9674779B2969B79200FD55DA /* UIColor+Palette.swift */; };
		9682A64229846C26003FA31D /* Georgia Bold.ttf in Resources */ = {isa = PBXBuildFile; fileRef = 9682A64029846C25003FA31D /* Georgia Bold.ttf */; };
		9682A64329846C26003FA31D /* Georgia.ttf in Resources */ = {isa = PBXBuildFile; fileRef = 9682A64129846C26003FA31D /* Georgia.ttf */; };
		969403B52966D5B100E908F1 /* QuoteModel.swift in Sources */ = {isa = PBXBuildFile; fileRef = 969403B42966D5B100E908F1 /* QuoteModel.swift */; };
		969403B72966E03100E908F1 /* QuoteCollectionViewController.swift in Sources */ = {isa = PBXBuildFile; fileRef = 969403B62966E03100E908F1 /* QuoteCollectionViewController.swift */; };
		969403BB2966E4E300E908F1 /* QuoteCollectionViewCell.swift in Sources */ = {isa = PBXBuildFile; fileRef = 969403BA2966E4E300E908F1 /* QuoteCollectionViewCell.swift */; };
		96A6F3CB29A00C580005C0AE /* Localizable.strings in Resources */ = {isa = PBXBuildFile; fileRef = 96A6F3CD29A00C580005C0AE /* Localizable.strings */; };
		96CB03852975444D006A00F0 /* QuoteCollectionViewController+ContextMenu.swift in Sources */ = {isa = PBXBuildFile; fileRef = 96CB03842975444D006A00F0 /* QuoteCollectionViewController+ContextMenu.swift */; };
		96CB038A29754B78006A00F0 /* AddQuoteViewController.swift in Sources */ = {isa = PBXBuildFile; fileRef = 96CB038929754B78006A00F0 /* AddQuoteViewController.swift */; };
		96CB038D297560D9006A00F0 /* FileManager.swift in Sources */ = {isa = PBXBuildFile; fileRef = 96CB038C297560D9006A00F0 /* FileManager.swift */; };
		96DD372B29741FE5001D4B13 /* QuoteCollectionViewController+Actions.swift in Sources */ = {isa = PBXBuildFile; fileRef = 96DD372A29741FE5001D4B13 /* QuoteCollectionViewController+Actions.swift */; };
		96FA92B72A1365810053475D /* QuotesCounterView.swift in Sources */ = {isa = PBXBuildFile; fileRef = 96FA92B62A1365810053475D /* QuotesCounterView.swift */; };
		96FF2A0B2966D19E00B21E29 /* AppDelegate.swift in Sources */ = {isa = PBXBuildFile; fileRef = 96FF2A0A2966D19E00B21E29 /* AppDelegate.swift */; };
		96FF2A0D2966D19E00B21E29 /* SceneDelegate.swift in Sources */ = {isa = PBXBuildFile; fileRef = 96FF2A0C2966D19E00B21E29 /* SceneDelegate.swift */; };
		96FF2A142966D19F00B21E29 /* Assets.xcassets in Resources */ = {isa = PBXBuildFile; fileRef = 96FF2A132966D19F00B21E29 /* Assets.xcassets */; };
		96FF2A172966D19F00B21E29 /* LaunchScreen.storyboard in Resources */ = {isa = PBXBuildFile; fileRef = 96FF2A152966D19F00B21E29 /* LaunchScreen.storyboard */; };
/* End PBXBuildFile section */

/* Begin PBXFileReference section */
		960C14E6298ABD4E0043FCE2 /* CollectionView + EmptyView.swift */ = {isa = PBXFileReference; lastKnownFileType = sourcecode.swift; path = "CollectionView + EmptyView.swift"; sourceTree = "<group>"; };
		966EE23329F6F8E500D22BB0 /* AppearanceCell.swift */ = {isa = PBXFileReference; fileEncoding = 4; lastKnownFileType = sourcecode.swift; path = AppearanceCell.swift; sourceTree = "<group>"; };
		966EE23429F6F8E500D22BB0 /* SettingsUserDefaults.swift */ = {isa = PBXFileReference; fileEncoding = 4; lastKnownFileType = sourcecode.swift; path = SettingsUserDefaults.swift; sourceTree = "<group>"; };
		966EE23529F6F8E500D22BB0 /* SectionSettings.swift */ = {isa = PBXFileReference; fileEncoding = 4; lastKnownFileType = sourcecode.swift; path = SectionSettings.swift; sourceTree = "<group>"; };
		966EE23629F6F8E500D22BB0 /* AppearanceManager.swift */ = {isa = PBXFileReference; fileEncoding = 4; lastKnownFileType = sourcecode.swift; path = AppearanceManager.swift; sourceTree = "<group>"; };
		966EE23729F6F8E500D22BB0 /* SettingsViewController.swift */ = {isa = PBXFileReference; fileEncoding = 4; lastKnownFileType = sourcecode.swift; path = SettingsViewController.swift; sourceTree = "<group>"; };
		9674779B2969B79200FD55DA /* UIColor+Palette.swift */ = {isa = PBXFileReference; lastKnownFileType = sourcecode.swift; path = "UIColor+Palette.swift"; sourceTree = "<group>"; };
		9682A64029846C25003FA31D /* Georgia Bold.ttf */ = {isa = PBXFileReference; lastKnownFileType = file; path = "Georgia Bold.ttf"; sourceTree = "<group>"; };
		9682A64129846C26003FA31D /* Georgia.ttf */ = {isa = PBXFileReference; lastKnownFileType = file; path = Georgia.ttf; sourceTree = "<group>"; };
		969403B42966D5B100E908F1 /* QuoteModel.swift */ = {isa = PBXFileReference; lastKnownFileType = sourcecode.swift; path = QuoteModel.swift; sourceTree = "<group>"; };
		969403B62966E03100E908F1 /* QuoteCollectionViewController.swift */ = {isa = PBXFileReference; lastKnownFileType = sourcecode.swift; path = QuoteCollectionViewController.swift; sourceTree = "<group>"; };
		969403BA2966E4E300E908F1 /* QuoteCollectionViewCell.swift */ = {isa = PBXFileReference; lastKnownFileType = sourcecode.swift; path = QuoteCollectionViewCell.swift; sourceTree = "<group>"; };
		96A6F3CC29A00C580005C0AE /* en */ = {isa = PBXFileReference; lastKnownFileType = text.plist.strings; name = en; path = en.lproj/Localizable.strings; sourceTree = "<group>"; };
		96A6F3CE29A00C690005C0AE /* ru */ = {isa = PBXFileReference; lastKnownFileType = text.plist.strings; name = ru; path = ru.lproj/Localizable.strings; sourceTree = "<group>"; };
		96A6F3CF29A012010005C0AE /* be-BY */ = {isa = PBXFileReference; lastKnownFileType = text.plist.strings; name = "be-BY"; path = "be-BY.lproj/Localizable.strings"; sourceTree = "<group>"; };
		96CB03842975444D006A00F0 /* QuoteCollectionViewController+ContextMenu.swift */ = {isa = PBXFileReference; lastKnownFileType = sourcecode.swift; path = "QuoteCollectionViewController+ContextMenu.swift"; sourceTree = "<group>"; };
		96CB038929754B78006A00F0 /* AddQuoteViewController.swift */ = {isa = PBXFileReference; lastKnownFileType = sourcecode.swift; path = AddQuoteViewController.swift; sourceTree = "<group>"; };
		96CB038C297560D9006A00F0 /* FileManager.swift */ = {isa = PBXFileReference; lastKnownFileType = sourcecode.swift; path = FileManager.swift; sourceTree = "<group>"; };
		96DD372A29741FE5001D4B13 /* QuoteCollectionViewController+Actions.swift */ = {isa = PBXFileReference; lastKnownFileType = sourcecode.swift; path = "QuoteCollectionViewController+Actions.swift"; sourceTree = "<group>"; };
		96FA92B62A1365810053475D /* QuotesCounterView.swift */ = {isa = PBXFileReference; lastKnownFileType = sourcecode.swift; path = QuotesCounterView.swift; sourceTree = "<group>"; };
		96FF2A072966D19E00B21E29 /* Quotes 1.0.app */ = {isa = PBXFileReference; explicitFileType = wrapper.application; includeInIndex = 0; path = "Quotes 1.0.app"; sourceTree = BUILT_PRODUCTS_DIR; };
		96FF2A0A2966D19E00B21E29 /* AppDelegate.swift */ = {isa = PBXFileReference; lastKnownFileType = sourcecode.swift; path = AppDelegate.swift; sourceTree = "<group>"; };
		96FF2A0C2966D19E00B21E29 /* SceneDelegate.swift */ = {isa = PBXFileReference; lastKnownFileType = sourcecode.swift; path = SceneDelegate.swift; sourceTree = "<group>"; };
		96FF2A132966D19F00B21E29 /* Assets.xcassets */ = {isa = PBXFileReference; lastKnownFileType = folder.assetcatalog; path = Assets.xcassets; sourceTree = "<group>"; };
		96FF2A162966D19F00B21E29 /* Base */ = {isa = PBXFileReference; lastKnownFileType = file.storyboard; name = Base; path = Base.lproj/LaunchScreen.storyboard; sourceTree = "<group>"; };
		96FF2A182966D19F00B21E29 /* Info.plist */ = {isa = PBXFileReference; lastKnownFileType = text.plist.xml; path = Info.plist; sourceTree = "<group>"; };
/* End PBXFileReference section */

/* Begin PBXFrameworksBuildPhase section */
		96FF2A042966D19E00B21E29 /* Frameworks */ = {
			isa = PBXFrameworksBuildPhase;
			buildActionMask = 2147483647;
			files = (
			);
			runOnlyForDeploymentPostprocessing = 0;
		};
/* End PBXFrameworksBuildPhase section */

/* Begin PBXGroup section */
		966EE23229F6F8E500D22BB0 /* Settings */ = {
			isa = PBXGroup;
			children = (
				966EE23529F6F8E500D22BB0 /* SectionSettings.swift */,
				966EE23329F6F8E500D22BB0 /* AppearanceCell.swift */,
				966EE23429F6F8E500D22BB0 /* SettingsUserDefaults.swift */,
				966EE23629F6F8E500D22BB0 /* AppearanceManager.swift */,
				966EE23729F6F8E500D22BB0 /* SettingsViewController.swift */,
			);
			path = Settings;
			sourceTree = "<group>";
		};
		9674779A2969B74300FD55DA /* Extensions */ = {
			isa = PBXGroup;
			children = (
				9674779B2969B79200FD55DA /* UIColor+Palette.swift */,
				960C14E6298ABD4E0043FCE2 /* CollectionView + EmptyView.swift */,
			);
			path = Extensions;
			sourceTree = "<group>";
		};
		9682A63929843686003FA31D /* Fonts */ = {
			isa = PBXGroup;
			children = (
				9682A64029846C25003FA31D /* Georgia Bold.ttf */,
				9682A64129846C26003FA31D /* Georgia.ttf */,
			);
			path = Fonts;
			sourceTree = "<group>";
		};
		969403B12966D57C00E908F1 /* Model */ = {
			isa = PBXGroup;
			children = (
				969403B42966D5B100E908F1 /* QuoteModel.swift */,
				96CB038C297560D9006A00F0 /* FileManager.swift */,
			);
			path = Model;
			sourceTree = "<group>";
		};
		969403B22966D58100E908F1 /* View */ = {
			isa = PBXGroup;
			children = (
				969403BA2966E4E300E908F1 /* QuoteCollectionViewCell.swift */,
				96FA92B62A1365810053475D /* QuotesCounterView.swift */,
			);
			path = View;
			sourceTree = "<group>";
		};
		969403B32966D58800E908F1 /* Controllers */ = {
			isa = PBXGroup;
			children = (
				96F62A1129741E6E00C20E9B /* CollectionViewController */,
				96CB038B29754B82006A00F0 /* DetailViewController */,
			);
			path = Controllers;
			sourceTree = "<group>";
		};
		96CB038B29754B82006A00F0 /* DetailViewController */ = {
			isa = PBXGroup;
			children = (
				96CB038929754B78006A00F0 /* AddQuoteViewController.swift */,
			);
			path = DetailViewController;
			sourceTree = "<group>";
		};
		96F62A1129741E6E00C20E9B /* CollectionViewController */ = {
			isa = PBXGroup;
			children = (
				969403B62966E03100E908F1 /* QuoteCollectionViewController.swift */,
				96DD372A29741FE5001D4B13 /* QuoteCollectionViewController+Actions.swift */,
				96CB03842975444D006A00F0 /* QuoteCollectionViewController+ContextMenu.swift */,
			);
			path = CollectionViewController;
			sourceTree = "<group>";
		};
		96FC5DC829788BDA0079BBEA /* Application */ = {
			isa = PBXGroup;
			children = (
				96FF2A0A2966D19E00B21E29 /* AppDelegate.swift */,
				96FF2A0C2966D19E00B21E29 /* SceneDelegate.swift */,
			);
			path = Application;
			sourceTree = "<group>";
		};
		96FC5DC929788C060079BBEA /* Resources */ = {
			isa = PBXGroup;
			children = (
				9682A63929843686003FA31D /* Fonts */,
				96FF2A132966D19F00B21E29 /* Assets.xcassets */,
				96FF2A152966D19F00B21E29 /* LaunchScreen.storyboard */,
				96FF2A182966D19F00B21E29 /* Info.plist */,
			);
			path = Resources;
			sourceTree = "<group>";
		};
		96FF29FE2966D19E00B21E29 = {
			isa = PBXGroup;
			children = (
				96FF2A092966D19E00B21E29 /* Quotes 1.0 */,
				96FF2A082966D19E00B21E29 /* Products */,
			);
			sourceTree = "<group>";
		};
		96FF2A082966D19E00B21E29 /* Products */ = {
			isa = PBXGroup;
			children = (
				96FF2A072966D19E00B21E29 /* Quotes 1.0.app */,
			);
			name = Products;
			sourceTree = "<group>";
		};
		96FF2A092966D19E00B21E29 /* Quotes 1.0 */ = {
			isa = PBXGroup;
			children = (
				96A6F3CD29A00C580005C0AE /* Localizable.strings */,
				96FC5DC829788BDA0079BBEA /* Application */,
				96FC5DC929788C060079BBEA /* Resources */,
				9674779A2969B74300FD55DA /* Extensions */,
				969403B12966D57C00E908F1 /* Model */,
				969403B22966D58100E908F1 /* View */,
				969403B32966D58800E908F1 /* Controllers */,
				966EE23229F6F8E500D22BB0 /* Settings */,
			);
			path = "Quotes 1.0";
			sourceTree = "<group>";
		};
/* End PBXGroup section */

/* Begin PBXNativeTarget section */
		96FF2A062966D19E00B21E29 /* Quotes 1.0 */ = {
			isa = PBXNativeTarget;
			buildConfigurationList = 96FF2A1B2966D19F00B21E29 /* Build configuration list for PBXNativeTarget "Quotes 1.0" */;
			buildPhases = (
				96FF2A032966D19E00B21E29 /* Sources */,
				96FF2A042966D19E00B21E29 /* Frameworks */,
				96FF2A052966D19E00B21E29 /* Resources */,
			);
			buildRules = (
			);
			dependencies = (
			);
			name = "Quotes 1.0";
			productName = "Quotes 1.0";
			productReference = 96FF2A072966D19E00B21E29 /* Quotes 1.0.app */;
			productType = "com.apple.product-type.application";
		};
/* End PBXNativeTarget section */

/* Begin PBXProject section */
		96FF29FF2966D19E00B21E29 /* Project object */ = {
			isa = PBXProject;
			attributes = {
				BuildIndependentTargetsInParallel = 1;
				LastSwiftUpdateCheck = 1400;
				LastUpgradeCheck = 1400;
				TargetAttributes = {
					96FF2A062966D19E00B21E29 = {
						CreatedOnToolsVersion = 14.0.1;
					};
				};
			};
			buildConfigurationList = 96FF2A022966D19E00B21E29 /* Build configuration list for PBXProject "Quotes 1.0" */;
			compatibilityVersion = "Xcode 14.0";
			developmentRegion = en;
			hasScannedForEncodings = 0;
			knownRegions = (
				en,
				Base,
				ru,
				"be-BY",
			);
			mainGroup = 96FF29FE2966D19E00B21E29;
			productRefGroup = 96FF2A082966D19E00B21E29 /* Products */;
			projectDirPath = "";
			projectRoot = "";
			targets = (
				96FF2A062966D19E00B21E29 /* Quotes 1.0 */,
			);
		};
/* End PBXProject section */

/* Begin PBXResourcesBuildPhase section */
		96FF2A052966D19E00B21E29 /* Resources */ = {
			isa = PBXResourcesBuildPhase;
			buildActionMask = 2147483647;
			files = (
				96A6F3CB29A00C580005C0AE /* Localizable.strings in Resources */,
				96FF2A172966D19F00B21E29 /* LaunchScreen.storyboard in Resources */,
				9682A64329846C26003FA31D /* Georgia.ttf in Resources */,
				9682A64229846C26003FA31D /* Georgia Bold.ttf in Resources */,
				96FF2A142966D19F00B21E29 /* Assets.xcassets in Resources */,
			);
			runOnlyForDeploymentPostprocessing = 0;
		};
/* End PBXResourcesBuildPhase section */

/* Begin PBXSourcesBuildPhase section */
		96FF2A032966D19E00B21E29 /* Sources */ = {
			isa = PBXSourcesBuildPhase;
			buildActionMask = 2147483647;
			files = (
				96CB038A29754B78006A00F0 /* AddQuoteViewController.swift in Sources */,
				96DD372B29741FE5001D4B13 /* QuoteCollectionViewController+Actions.swift in Sources */,
				966EE23A29F6F8E500D22BB0 /* SectionSettings.swift in Sources */,
				96FF2A0B2966D19E00B21E29 /* AppDelegate.swift in Sources */,
				966EE23B29F6F8E500D22BB0 /* AppearanceManager.swift in Sources */,
				966EE23929F6F8E500D22BB0 /* SettingsUserDefaults.swift in Sources */,
				96CB038D297560D9006A00F0 /* FileManager.swift in Sources */,
				966EE23C29F6F8E500D22BB0 /* SettingsViewController.swift in Sources */,
				96FA92B72A1365810053475D /* QuotesCounterView.swift in Sources */,
				96CB03852975444D006A00F0 /* QuoteCollectionViewController+ContextMenu.swift in Sources */,
				9674779C2969B79200FD55DA /* UIColor+Palette.swift in Sources */,
				969403BB2966E4E300E908F1 /* QuoteCollectionViewCell.swift in Sources */,
				960C14E7298ABD4E0043FCE2 /* CollectionView + EmptyView.swift in Sources */,
				969403B52966D5B100E908F1 /* QuoteModel.swift in Sources */,
				96FF2A0D2966D19E00B21E29 /* SceneDelegate.swift in Sources */,
				969403B72966E03100E908F1 /* QuoteCollectionViewController.swift in Sources */,
				966EE23829F6F8E500D22BB0 /* AppearanceCell.swift in Sources */,
			);
			runOnlyForDeploymentPostprocessing = 0;
		};
/* End PBXSourcesBuildPhase section */

/* Begin PBXVariantGroup section */
		96A6F3CD29A00C580005C0AE /* Localizable.strings */ = {
			isa = PBXVariantGroup;
			children = (
				96A6F3CC29A00C580005C0AE /* en */,
				96A6F3CE29A00C690005C0AE /* ru */,
				96A6F3CF29A012010005C0AE /* be-BY */,
			);
			name = Localizable.strings;
			sourceTree = "<group>";
		};
		96FF2A152966D19F00B21E29 /* LaunchScreen.storyboard */ = {
			isa = PBXVariantGroup;
			children = (
				96FF2A162966D19F00B21E29 /* Base */,
			);
			name = LaunchScreen.storyboard;
			sourceTree = "<group>";
		};
/* End PBXVariantGroup section */

/* Begin XCBuildConfiguration section */
		96FF2A192966D19F00B21E29 /* Debug */ = {
			isa = XCBuildConfiguration;
			buildSettings = {
				ALWAYS_SEARCH_USER_PATHS = NO;
				CLANG_ANALYZER_LOCALIZABILITY_NONLOCALIZED = YES;
				CLANG_ANALYZER_NONNULL = YES;
				CLANG_ANALYZER_NUMBER_OBJECT_CONVERSION = YES_AGGRESSIVE;
				CLANG_CXX_LANGUAGE_STANDARD = "gnu++20";
				CLANG_ENABLE_MODULES = YES;
				CLANG_ENABLE_OBJC_ARC = YES;
				CLANG_ENABLE_OBJC_WEAK = YES;
				CLANG_WARN_BLOCK_CAPTURE_AUTORELEASING = YES;
				CLANG_WARN_BOOL_CONVERSION = YES;
				CLANG_WARN_COMMA = YES;
				CLANG_WARN_CONSTANT_CONVERSION = YES;
				CLANG_WARN_DEPRECATED_OBJC_IMPLEMENTATIONS = YES;
				CLANG_WARN_DIRECT_OBJC_ISA_USAGE = YES_ERROR;
				CLANG_WARN_DOCUMENTATION_COMMENTS = YES;
				CLANG_WARN_EMPTY_BODY = YES;
				CLANG_WARN_ENUM_CONVERSION = YES;
				CLANG_WARN_INFINITE_RECURSION = YES;
				CLANG_WARN_INT_CONVERSION = YES;
				CLANG_WARN_NON_LITERAL_NULL_CONVERSION = YES;
				CLANG_WARN_OBJC_IMPLICIT_RETAIN_SELF = YES;
				CLANG_WARN_OBJC_LITERAL_CONVERSION = YES;
				CLANG_WARN_OBJC_ROOT_CLASS = YES_ERROR;
				CLANG_WARN_QUOTED_INCLUDE_IN_FRAMEWORK_HEADER = YES;
				CLANG_WARN_RANGE_LOOP_ANALYSIS = YES;
				CLANG_WARN_STRICT_PROTOTYPES = YES;
				CLANG_WARN_SUSPICIOUS_MOVE = YES;
				CLANG_WARN_UNGUARDED_AVAILABILITY = YES_AGGRESSIVE;
				CLANG_WARN_UNREACHABLE_CODE = YES;
				CLANG_WARN__DUPLICATE_METHOD_MATCH = YES;
				COPY_PHASE_STRIP = NO;
				DEBUG_INFORMATION_FORMAT = dwarf;
				ENABLE_STRICT_OBJC_MSGSEND = YES;
				ENABLE_TESTABILITY = YES;
				GCC_C_LANGUAGE_STANDARD = gnu11;
				GCC_DYNAMIC_NO_PIC = NO;
				GCC_NO_COMMON_BLOCKS = YES;
				GCC_OPTIMIZATION_LEVEL = 0;
				GCC_PREPROCESSOR_DEFINITIONS = (
					"DEBUG=1",
					"$(inherited)",
				);
				GCC_WARN_64_TO_32_BIT_CONVERSION = YES;
				GCC_WARN_ABOUT_RETURN_TYPE = YES_ERROR;
				GCC_WARN_UNDECLARED_SELECTOR = YES;
				GCC_WARN_UNINITIALIZED_AUTOS = YES_AGGRESSIVE;
				GCC_WARN_UNUSED_FUNCTION = YES;
				GCC_WARN_UNUSED_VARIABLE = YES;
				IPHONEOS_DEPLOYMENT_TARGET = 15.0;
				MTL_ENABLE_DEBUG_INFO = INCLUDE_SOURCE;
				MTL_FAST_MATH = YES;
				ONLY_ACTIVE_ARCH = YES;
				SDKROOT = iphoneos;
				SWIFT_ACTIVE_COMPILATION_CONDITIONS = DEBUG;
				SWIFT_OPTIMIZATION_LEVEL = "-Onone";
			};
			name = Debug;
		};
		96FF2A1A2966D19F00B21E29 /* Release */ = {
			isa = XCBuildConfiguration;
			buildSettings = {
				ALWAYS_SEARCH_USER_PATHS = NO;
				CLANG_ANALYZER_LOCALIZABILITY_NONLOCALIZED = YES;
				CLANG_ANALYZER_NONNULL = YES;
				CLANG_ANALYZER_NUMBER_OBJECT_CONVERSION = YES_AGGRESSIVE;
				CLANG_CXX_LANGUAGE_STANDARD = "gnu++20";
				CLANG_ENABLE_MODULES = YES;
				CLANG_ENABLE_OBJC_ARC = YES;
				CLANG_ENABLE_OBJC_WEAK = YES;
				CLANG_WARN_BLOCK_CAPTURE_AUTORELEASING = YES;
				CLANG_WARN_BOOL_CONVERSION = YES;
				CLANG_WARN_COMMA = YES;
				CLANG_WARN_CONSTANT_CONVERSION = YES;
				CLANG_WARN_DEPRECATED_OBJC_IMPLEMENTATIONS = YES;
				CLANG_WARN_DIRECT_OBJC_ISA_USAGE = YES_ERROR;
				CLANG_WARN_DOCUMENTATION_COMMENTS = YES;
				CLANG_WARN_EMPTY_BODY = YES;
				CLANG_WARN_ENUM_CONVERSION = YES;
				CLANG_WARN_INFINITE_RECURSION = YES;
				CLANG_WARN_INT_CONVERSION = YES;
				CLANG_WARN_NON_LITERAL_NULL_CONVERSION = YES;
				CLANG_WARN_OBJC_IMPLICIT_RETAIN_SELF = YES;
				CLANG_WARN_OBJC_LITERAL_CONVERSION = YES;
				CLANG_WARN_OBJC_ROOT_CLASS = YES_ERROR;
				CLANG_WARN_QUOTED_INCLUDE_IN_FRAMEWORK_HEADER = YES;
				CLANG_WARN_RANGE_LOOP_ANALYSIS = YES;
				CLANG_WARN_STRICT_PROTOTYPES = YES;
				CLANG_WARN_SUSPICIOUS_MOVE = YES;
				CLANG_WARN_UNGUARDED_AVAILABILITY = YES_AGGRESSIVE;
				CLANG_WARN_UNREACHABLE_CODE = YES;
				CLANG_WARN__DUPLICATE_METHOD_MATCH = YES;
				COPY_PHASE_STRIP = NO;
				DEBUG_INFORMATION_FORMAT = "dwarf-with-dsym";
				ENABLE_NS_ASSERTIONS = NO;
				ENABLE_STRICT_OBJC_MSGSEND = YES;
				GCC_C_LANGUAGE_STANDARD = gnu11;
				GCC_NO_COMMON_BLOCKS = YES;
				GCC_WARN_64_TO_32_BIT_CONVERSION = YES;
				GCC_WARN_ABOUT_RETURN_TYPE = YES_ERROR;
				GCC_WARN_UNDECLARED_SELECTOR = YES;
				GCC_WARN_UNINITIALIZED_AUTOS = YES_AGGRESSIVE;
				GCC_WARN_UNUSED_FUNCTION = YES;
				GCC_WARN_UNUSED_VARIABLE = YES;
				IPHONEOS_DEPLOYMENT_TARGET = 15.0;
				MTL_ENABLE_DEBUG_INFO = NO;
				MTL_FAST_MATH = YES;
				SDKROOT = iphoneos;
				SWIFT_COMPILATION_MODE = wholemodule;
				SWIFT_OPTIMIZATION_LEVEL = "-O";
				VALIDATE_PRODUCT = YES;
			};
			name = Release;
		};
		96FF2A1C2966D19F00B21E29 /* Debug */ = {
			isa = XCBuildConfiguration;
			buildSettings = {
				ASSETCATALOG_COMPILER_APPICON_NAME = AppIcon;
				ASSETCATALOG_COMPILER_GLOBAL_ACCENT_COLOR_NAME = AccentColor;
				CODE_SIGN_STYLE = Automatic;
				CURRENT_PROJECT_VERSION = 1;
				DEVELOPMENT_TEAM = L6XAPXV5GM;
				GENERATE_INFOPLIST_FILE = YES;
				INFOPLIST_FILE = "Quotes 1.0/Resources/Info.plist";
				INFOPLIST_KEY_UIApplicationSupportsIndirectInputEvents = YES;
				INFOPLIST_KEY_UILaunchStoryboardName = LaunchScreen;
				INFOPLIST_KEY_UISupportedInterfaceOrientations = UIInterfaceOrientationPortrait;
				INFOPLIST_KEY_UISupportedInterfaceOrientations_iPad = "UIInterfaceOrientationLandscapeLeft UIInterfaceOrientationLandscapeRight UIInterfaceOrientationPortrait UIInterfaceOrientationPortraitUpsideDown";
				IPHONEOS_DEPLOYMENT_TARGET = 15.0;
				LD_RUNPATH_SEARCH_PATHS = (
					"$(inherited)",
					"@executable_path/Frameworks",
				);
				MARKETING_VERSION = 1.0;
				PRODUCT_BUNDLE_IDENTIFIER = "vital.Quotes-1-0";
				PRODUCT_NAME = "$(TARGET_NAME)";
				SUPPORTED_PLATFORMS = "iphoneos iphonesimulator";
				SUPPORTS_MACCATALYST = NO;
				SUPPORTS_MAC_DESIGNED_FOR_IPHONE_IPAD = NO;
				SWIFT_EMIT_LOC_STRINGS = YES;
				SWIFT_VERSION = 5.0;
				TARGETED_DEVICE_FAMILY = "1,2";
			};
			name = Debug;
		};
		96FF2A1D2966D19F00B21E29 /* Release */ = {
			isa = XCBuildConfiguration;
			buildSettings = {
				ASSETCATALOG_COMPILER_APPICON_NAME = AppIcon;
				ASSETCATALOG_COMPILER_GLOBAL_ACCENT_COLOR_NAME = AccentColor;
				CODE_SIGN_STYLE = Automatic;
				CURRENT_PROJECT_VERSION = 1;
				DEVELOPMENT_TEAM = L6XAPXV5GM;
				GENERATE_INFOPLIST_FILE = YES;
				INFOPLIST_FILE = "Quotes 1.0/Resources/Info.plist";
				INFOPLIST_KEY_UIApplicationSupportsIndirectInputEvents = YES;
				INFOPLIST_KEY_UILaunchStoryboardName = LaunchScreen;
				INFOPLIST_KEY_UISupportedInterfaceOrientations = UIInterfaceOrientationPortrait;
				INFOPLIST_KEY_UISupportedInterfaceOrientations_iPad = "UIInterfaceOrientationLandscapeLeft UIInterfaceOrientationLandscapeRight UIInterfaceOrientationPortrait UIInterfaceOrientationPortraitUpsideDown";
				IPHONEOS_DEPLOYMENT_TARGET = 15.0;
				LD_RUNPATH_SEARCH_PATHS = (
					"$(inherited)",
					"@executable_path/Frameworks",
				);
				MARKETING_VERSION = 1.0;
				PRODUCT_BUNDLE_IDENTIFIER = "vital.Quotes-1-0";
				PRODUCT_NAME = "$(TARGET_NAME)";
				SUPPORTED_PLATFORMS = "iphoneos iphonesimulator";
				SUPPORTS_MACCATALYST = NO;
				SUPPORTS_MAC_DESIGNED_FOR_IPHONE_IPAD = NO;
				SWIFT_EMIT_LOC_STRINGS = YES;
				SWIFT_VERSION = 5.0;
				TARGETED_DEVICE_FAMILY = "1,2";
			};
			name = Release;
		};
/* End XCBuildConfiguration section */

/* Begin XCConfigurationList section */
		96FF2A022966D19E00B21E29 /* Build configuration list for PBXProject "Quotes 1.0" */ = {
			isa = XCConfigurationList;
			buildConfigurations = (
				96FF2A192966D19F00B21E29 /* Debug */,
				96FF2A1A2966D19F00B21E29 /* Release */,
			);
			defaultConfigurationIsVisible = 0;
			defaultConfigurationName = Release;
		};
		96FF2A1B2966D19F00B21E29 /* Build configuration list for PBXNativeTarget "Quotes 1.0" */ = {
			isa = XCConfigurationList;
			buildConfigurations = (
				96FF2A1C2966D19F00B21E29 /* Debug */,
				96FF2A1D2966D19F00B21E29 /* Release */,
			);
			defaultConfigurationIsVisible = 0;
			defaultConfigurationName = Release;
		};
/* End XCConfigurationList section */
	};
	rootObject = 96FF29FF2966D19E00B21E29 /* Project object */;
}
